// !$*UTF8*$!
{
	archiveVersion = 1;
	classes = {
	};
	objectVersion = 55;
	objects = {

/* Begin PBXBuildFile section */
		F0EABF4C27F4EB230013228E /* main.cpp in Sources */ = {isa = PBXBuildFile; fileRef = F0EABF4B27F4EB230013228E /* main.cpp */; };
/* End PBXBuildFile section */

/* Begin PBXCopyFilesBuildPhase section */
		F0EABF4627F4EB230013228E /* CopyFiles */ = {
			isa = PBXCopyFilesBuildPhase;
			buildActionMask = 2147483647;
			dstPath = /usr/share/man/man1/;
			dstSubfolderSpec = 0;
			files = (
			);
			runOnlyForDeploymentPostprocessing = 1;
		};
/* End PBXCopyFilesBuildPhase section */

/* Begin PBXFileReference section */
		F09C82732819D86300462AC0 /* Coordinates_attempt.mp4 */ = {isa = PBXFileReference; lastKnownFileType = file; path = Coordinates_attempt.mp4; sourceTree = "<group>"; };
		F09C82742819E7B800462AC0 /* coordinate_trial_2.mp4 */ = {isa = PBXFileReference; lastKnownFileType = file; path = coordinate_trial_2.mp4; sourceTree = "<group>"; };
		F0B806E5280E0C2D005BAB31 /* Try_1.mp4 */ = {isa = PBXFileReference; lastKnownFileType = file; path = Try_1.mp4; sourceTree = "<group>"; };
		F0EAA2ED28076C5200748E4B /* Attempt3.mp4 */ = {isa = PBXFileReference; lastKnownFileType = file; path = Attempt3.mp4; sourceTree = "<group>"; };
		F0EAA2EE28076C5200748E4B /* Attempt5.mp4 */ = {isa = PBXFileReference; lastKnownFileType = file; path = Attempt5.mp4; sourceTree = "<group>"; };
		F0EAA2EF28076C5300748E4B /* Attempt2.mp4 */ = {isa = PBXFileReference; lastKnownFileType = file; path = Attempt2.mp4; sourceTree = "<group>"; };
		F0EAA2F028076C5300748E4B /* Attempt4.mp4 */ = {isa = PBXFileReference; lastKnownFileType = file; path = Attempt4.mp4; sourceTree = "<group>"; };
		F0EAA2F128076C5300748E4B /* Attempt1.mp4 */ = {isa = PBXFileReference; lastKnownFileType = file; path = Attempt1.mp4; sourceTree = "<group>"; };
		F0EAA2F228076E4A00748E4B /* Attempt6.mp4 */ = {isa = PBXFileReference; lastKnownFileType = file; path = Attempt6.mp4; sourceTree = "<group>"; };
		F0EAA2F4280E009D00748E4B /* Attempt7.mp4 */ = {isa = PBXFileReference; lastKnownFileType = file; path = Attempt7.mp4; sourceTree = "<group>"; };
		F0EABF4827F4EB230013228E /* OpenCV Test */ = {isa = PBXFileReference; explicitFileType = "compiled.mach-o.executable"; includeInIndex = 0; path = "OpenCV Test"; sourceTree = BUILT_PRODUCTS_DIR; };
		F0EABF4B27F4EB230013228E /* main.cpp */ = {isa = PBXFileReference; lastKnownFileType = sourcecode.cpp.cpp; path = main.cpp; sourceTree = "<group>"; };
/* End PBXFileReference section */

/* Begin PBXFrameworksBuildPhase section */
		F0EABF4527F4EB230013228E /* Frameworks */ = {
			isa = PBXFrameworksBuildPhase;
			buildActionMask = 2147483647;
			files = (
			);
			runOnlyForDeploymentPostprocessing = 0;
		};
/* End PBXFrameworksBuildPhase section */

/* Begin PBXGroup section */
		F0EAA2F3280DEF9B00748E4B /* CalibrationImages */ = {
			isa = PBXGroup;
			children = (
			);
			path = CalibrationImages;
			sourceTree = "<group>";
		};
		F0EABF3F27F4EB230013228E = {
			isa = PBXGroup;
			children = (
				F0EABF4A27F4EB230013228E /* OpenCV Test */,
				F0EABF4927F4EB230013228E /* Products */,
			);
			sourceTree = "<group>";
		};
		F0EABF4927F4EB230013228E /* Products */ = {
			isa = PBXGroup;
			children = (
				F0EABF4827F4EB230013228E /* OpenCV Test */,
			);
			name = Products;
			sourceTree = "<group>";
		};
		F0EABF4A27F4EB230013228E /* OpenCV Test */ = {
			isa = PBXGroup;
			children = (
				F0EAA2F3280DEF9B00748E4B /* CalibrationImages */,
				F0EAA2F128076C5300748E4B /* Attempt1.mp4 */,
				F0EAA2EF28076C5300748E4B /* Attempt2.mp4 */,
				F0EAA2ED28076C5200748E4B /* Attempt3.mp4 */,
				F0EAA2F028076C5300748E4B /* Attempt4.mp4 */,
				F0EAA2EE28076C5200748E4B /* Attempt5.mp4 */,
				F0EAA2F228076E4A00748E4B /* Attempt6.mp4 */,
				F0EAA2F4280E009D00748E4B /* Attempt7.mp4 */,
				F09C82732819D86300462AC0 /* Coordinates_attempt.mp4 */,
				F09C82742819E7B800462AC0 /* coordinate_trial_2.mp4 */,
				F0B806E5280E0C2D005BAB31 /* Try_1.mp4 */,
				F0EABF4B27F4EB230013228E /* main.cpp */,
			);
			path = "OpenCV Test";
			sourceTree = "<group>";
		};
/* End PBXGroup section */

/* Begin PBXNativeTarget section */
		F0EABF4727F4EB230013228E /* OpenCV Test */ = {
			isa = PBXNativeTarget;
			buildConfigurationList = F0EABF4F27F4EB230013228E /* Build configuration list for PBXNativeTarget "OpenCV Test" */;
			buildPhases = (
				F0EABF4427F4EB230013228E /* Sources */,
				F0EABF4527F4EB230013228E /* Frameworks */,
				F0EABF4627F4EB230013228E /* CopyFiles */,
			);
			buildRules = (
			);
			dependencies = (
			);
			name = "OpenCV Test";
			productName = "OpenCV Test";
			productReference = F0EABF4827F4EB230013228E /* OpenCV Test */;
			productType = "com.apple.product-type.tool";
		};
/* End PBXNativeTarget section */

/* Begin PBXProject section */
		F0EABF4027F4EB230013228E /* Project object */ = {
			isa = PBXProject;
			attributes = {
				BuildIndependentTargetsInParallel = 1;
				LastUpgradeCheck = 1330;
				TargetAttributes = {
					F0EABF4727F4EB230013228E = {
						CreatedOnToolsVersion = 13.3;
					};
				};
			};
			buildConfigurationList = F0EABF4327F4EB230013228E /* Build configuration list for PBXProject "OpenCV Test" */;
			compatibilityVersion = "Xcode 13.0";
			developmentRegion = en;
			hasScannedForEncodings = 0;
			knownRegions = (
				en,
				Base,
			);
			mainGroup = F0EABF3F27F4EB230013228E;
			productRefGroup = F0EABF4927F4EB230013228E /* Products */;
			projectDirPath = "";
			projectRoot = "";
			targets = (
				F0EABF4727F4EB230013228E /* OpenCV Test */,
			);
		};
/* End PBXProject section */

/* Begin PBXSourcesBuildPhase section */
		F0EABF4427F4EB230013228E /* Sources */ = {
			isa = PBXSourcesBuildPhase;
			buildActionMask = 2147483647;
			files = (
				F0EABF4C27F4EB230013228E /* main.cpp in Sources */,
			);
			runOnlyForDeploymentPostprocessing = 0;
		};
/* End PBXSourcesBuildPhase section */

/* Begin XCBuildConfiguration section */
		F0EABF4D27F4EB230013228E /* Debug */ = {
			isa = XCBuildConfiguration;
			buildSettings = {
				ALWAYS_SEARCH_USER_PATHS = NO;
				CLANG_ANALYZER_NONNULL = YES;
				CLANG_ANALYZER_NUMBER_OBJECT_CONVERSION = YES_AGGRESSIVE;
				CLANG_CXX_LANGUAGE_STANDARD = "gnu++17";
				CLANG_ENABLE_MODULES = YES;
				CLANG_ENABLE_OBJC_ARC = YES;
				CLANG_ENABLE_OBJC_WEAK = YES;
				CLANG_WARN_BLOCK_CAPTURE_AUTORELEASING = YES;
				CLANG_WARN_BOOL_CONVERSION = YES;
				CLANG_WARN_COMMA = YES;
				CLANG_WARN_CONSTANT_CONVERSION = YES;
				CLANG_WARN_DEPRECATED_OBJC_IMPLEMENTATIONS = YES;
				CLANG_WARN_DIRECT_OBJC_ISA_USAGE = YES_ERROR;
				CLANG_WARN_DOCUMENTATION_COMMENTS = YES;
				CLANG_WARN_EMPTY_BODY = YES;
				CLANG_WARN_ENUM_CONVERSION = YES;
				CLANG_WARN_INFINITE_RECURSION = YES;
				CLANG_WARN_INT_CONVERSION = YES;
				CLANG_WARN_NON_LITERAL_NULL_CONVERSION = YES;
				CLANG_WARN_OBJC_IMPLICIT_RETAIN_SELF = YES;
				CLANG_WARN_OBJC_LITERAL_CONVERSION = YES;
				CLANG_WARN_OBJC_ROOT_CLASS = YES_ERROR;
				CLANG_WARN_QUOTED_INCLUDE_IN_FRAMEWORK_HEADER = YES;
				CLANG_WARN_RANGE_LOOP_ANALYSIS = YES;
				CLANG_WARN_STRICT_PROTOTYPES = YES;
				CLANG_WARN_SUSPICIOUS_MOVE = YES;
				CLANG_WARN_UNGUARDED_AVAILABILITY = YES_AGGRESSIVE;
				CLANG_WARN_UNREACHABLE_CODE = YES;
				CLANG_WARN__DUPLICATE_METHOD_MATCH = YES;
				COPY_PHASE_STRIP = NO;
				DEBUG_INFORMATION_FORMAT = dwarf;
				ENABLE_STRICT_OBJC_MSGSEND = YES;
				ENABLE_TESTABILITY = YES;
				GCC_C_LANGUAGE_STANDARD = gnu11;
				GCC_DYNAMIC_NO_PIC = NO;
				GCC_NO_COMMON_BLOCKS = YES;
				GCC_OPTIMIZATION_LEVEL = 0;
				GCC_PREPROCESSOR_DEFINITIONS = (
					"DEBUG=1",
					"$(inherited)",
				);
				GCC_WARN_64_TO_32_BIT_CONVERSION = YES;
				GCC_WARN_ABOUT_RETURN_TYPE = YES_ERROR;
				GCC_WARN_UNDECLARED_SELECTOR = YES;
				GCC_WARN_UNINITIALIZED_AUTOS = YES_AGGRESSIVE;
				GCC_WARN_UNUSED_FUNCTION = YES;
				GCC_WARN_UNUSED_VARIABLE = YES;
				MACOSX_DEPLOYMENT_TARGET = 12.2;
				MTL_ENABLE_DEBUG_INFO = INCLUDE_SOURCE;
				MTL_FAST_MATH = YES;
				ONLY_ACTIVE_ARCH = YES;
				SDKROOT = macosx;
			};
			name = Debug;
		};
		F0EABF4E27F4EB230013228E /* Release */ = {
			isa = XCBuildConfiguration;
			buildSettings = {
				ALWAYS_SEARCH_USER_PATHS = NO;
				CLANG_ANALYZER_NONNULL = YES;
				CLANG_ANALYZER_NUMBER_OBJECT_CONVERSION = YES_AGGRESSIVE;
				CLANG_CXX_LANGUAGE_STANDARD = "gnu++17";
				CLANG_ENABLE_MODULES = YES;
				CLANG_ENABLE_OBJC_ARC = YES;
				CLANG_ENABLE_OBJC_WEAK = YES;
				CLANG_WARN_BLOCK_CAPTURE_AUTORELEASING = YES;
				CLANG_WARN_BOOL_CONVERSION = YES;
				CLANG_WARN_COMMA = YES;
				CLANG_WARN_CONSTANT_CONVERSION = YES;
				CLANG_WARN_DEPRECATED_OBJC_IMPLEMENTATIONS = YES;
				CLANG_WARN_DIRECT_OBJC_ISA_USAGE = YES_ERROR;
				CLANG_WARN_DOCUMENTATION_COMMENTS = YES;
				CLANG_WARN_EMPTY_BODY = YES;
				CLANG_WARN_ENUM_CONVERSION = YES;
				CLANG_WARN_INFINITE_RECURSION = YES;
				CLANG_WARN_INT_CONVERSION = YES;
				CLANG_WARN_NON_LITERAL_NULL_CONVERSION = YES;
				CLANG_WARN_OBJC_IMPLICIT_RETAIN_SELF = YES;
				CLANG_WARN_OBJC_LITERAL_CONVERSION = YES;
				CLANG_WARN_OBJC_ROOT_CLASS = YES_ERROR;
				CLANG_WARN_QUOTED_INCLUDE_IN_FRAMEWORK_HEADER = YES;
				CLANG_WARN_RANGE_LOOP_ANALYSIS = YES;
				CLANG_WARN_STRICT_PROTOTYPES = YES;
				CLANG_WARN_SUSPICIOUS_MOVE = YES;
				CLANG_WARN_UNGUARDED_AVAILABILITY = YES_AGGRESSIVE;
				CLANG_WARN_UNREACHABLE_CODE = YES;
				CLANG_WARN__DUPLICATE_METHOD_MATCH = YES;
				COPY_PHASE_STRIP = NO;
				DEBUG_INFORMATION_FORMAT = "dwarf-with-dsym";
				ENABLE_NS_ASSERTIONS = NO;
				ENABLE_STRICT_OBJC_MSGSEND = YES;
				GCC_C_LANGUAGE_STANDARD = gnu11;
				GCC_NO_COMMON_BLOCKS = YES;
				GCC_WARN_64_TO_32_BIT_CONVERSION = YES;
				GCC_WARN_ABOUT_RETURN_TYPE = YES_ERROR;
				GCC_WARN_UNDECLARED_SELECTOR = YES;
				GCC_WARN_UNINITIALIZED_AUTOS = YES_AGGRESSIVE;
				GCC_WARN_UNUSED_FUNCTION = YES;
				GCC_WARN_UNUSED_VARIABLE = YES;
				MACOSX_DEPLOYMENT_TARGET = 12.2;
				MTL_ENABLE_DEBUG_INFO = NO;
				MTL_FAST_MATH = YES;
				SDKROOT = macosx;
			};
			name = Release;
		};
		F0EABF5027F4EB230013228E /* Debug */ = {
			isa = XCBuildConfiguration;
			buildSettings = {
				CODE_SIGN_STYLE = Automatic;
				HEADER_SEARCH_PATHS = "/usr/local/Cellar/opencv/4.5.5/include/**";
				"HEADER_SEARCH_PATHS[arch=*]" = "/usr/local/Cellar/opencv/4.5.5/include/**";
				LIBRARY_SEARCH_PATHS = "/usr/local/Cellar/opencv/4.5.5/include/**";
				"LIBRARY_SEARCH_PATHS[arch=*]" = "/usr/local/Cellar/opencv/4.5.5/include/**";
				"OTHER_LDFLAGS[arch=*]" = (
					"-I/usr/local/opt/opencv/include/opencv4",
					"-L/usr/local/opt/opencv/lib",
					"-lopencv_gapi",
					"-lopencv_stitching",
					"-lopencv_alphamat",
					"-lopencv_aruco",
					"-lopencv_barcode",
					"-lopencv_bgsegm",
					"-lopencv_bioinspired",
					"-lopencv_ccalib",
					"-lopencv_dnn_objdetect",
					"-lopencv_dnn_superres",
					"-lopencv_dpm",
					"-lopencv_face",
					"-lopencv_freetype",
					"-lopencv_fuzzy",
					"-lopencv_hfs",
					"-lopencv_img_hash",
					"-lopencv_intensity_transform",
					"-lopencv_line_descriptor",
					"-lopencv_mcc",
					"-lopencv_quality",
					"-lopencv_rapid",
					"-lopencv_reg",
					"-lopencv_rgbd",
					"-lopencv_saliency",
					"-lopencv_sfm",
					"-lopencv_stereo",
					"-lopencv_structured_light",
					"-lopencv_phase_unwrapping",
					"-lopencv_superres",
					"-lopencv_optflow",
					"-lopencv_surface_matching",
					"-lopencv_tracking",
					"-lopencv_highgui",
					"-lopencv_datasets",
					"-lopencv_text",
					"-lopencv_plot",
					"-lopencv_videostab",
					"-lopencv_videoio",
					"-lopencv_viz",
					"-lopencv_wechat_qrcode",
					"-lopencv_xfeatures2d",
					"-lopencv_shape",
					"-lopencv_ml",
					"-lopencv_ximgproc",
					"-lopencv_video",
					"-lopencv_xobjdetect",
					"-lopencv_objdetect",
					"-lopencv_calib3d",
					"-lopencv_imgcodecs",
					"-lopencv_features2d",
					"-lopencv_dnn",
					"-lopencv_flann",
					"-lopencv_xphoto",
					"-lopencv_photo",
					"-lopencv_imgproc",
					"-lopencv_core",
				);
				PRODUCT_NAME = "$(TARGET_NAME)";
			};
			name = Debug;
		};
		F0EABF5127F4EB230013228E /* Release */ = {
			isa = XCBuildConfiguration;
			buildSettings = {
				CODE_SIGN_STYLE = Automatic;
				HEADER_SEARCH_PATHS = "/usr/local/Cellar/opencv/4.5.5/include/**";
				"HEADER_SEARCH_PATHS[arch=*]" = "/usr/local/Cellar/opencv/4.5.5/include/**";
				LIBRARY_SEARCH_PATHS = "/usr/local/Cellar/opencv/4.5.5/include/**";
				"LIBRARY_SEARCH_PATHS[arch=*]" = "/usr/local/Cellar/opencv/4.5.5/include/**";
				PRODUCT_NAME = "$(TARGET_NAME)";
			};
			name = Release;
		};
/* End XCBuildConfiguration section */

/* Begin XCConfigurationList section */
		F0EABF4327F4EB230013228E /* Build configuration list for PBXProject "OpenCV Test" */ = {
			isa = XCConfigurationList;
			buildConfigurations = (
				F0EABF4D27F4EB230013228E /* Debug */,
				F0EABF4E27F4EB230013228E /* Release */,
			);
			defaultConfigurationIsVisible = 0;
			defaultConfigurationName = Release;
		};
		F0EABF4F27F4EB230013228E /* Build configuration list for PBXNativeTarget "OpenCV Test" */ = {
			isa = XCConfigurationList;
			buildConfigurations = (
				F0EABF5027F4EB230013228E /* Debug */,
				F0EABF5127F4EB230013228E /* Release */,
			);
			defaultConfigurationIsVisible = 0;
			defaultConfigurationName = Release;
		};
/* End XCConfigurationList section */
	};
	rootObject = F0EABF4027F4EB230013228E /* Project object */;
}
